
Microsoft Visual Studio Solution File, Format Version 12.00
# Visual Studio Version 17
VisualStudioVersion = 17.14.36518.9 d17.14
MinimumVisualStudioVersion = 10.0.40219.1
Project("{FAE04EC0-301F-11D3-BF4B-00C04F79EFBC}") = "QR_Maker_1", "QR_Maker_1.csproj", "{C3604AF7-F17E-4B0D-889F-3AADE92BFD14}"
EndProject
Global
	GlobalSection(SolutionConfigurationPlatforms) = preSolution
		Debug|Any CPU = Debug|Any CPU
		Release|Any CPU = Release|Any CPU
	EndGlobalSection
	GlobalSection(ProjectConfigurationPlatforms) = postSolution
		{C3604AF7-F17E-4B0D-889F-3AADE92BFD14}.Debug|Any CPU.ActiveCfg = Debug|Any CPU
		{C3604AF7-F17E-4B0D-889F-3AADE92BFD14}.Debug|Any CPU.Build.0 = Debug|Any CPU
		{C3604AF7-F17E-4B0D-889F-3AADE92BFD14}.Release|Any CPU.ActiveCfg = Release|Any CPU
		{C3604AF7-F17E-4B0D-889F-3AADE92BFD14}.Release|Any CPU.Build.0 = Release|Any CPU
	EndGlobalSection
	GlobalSection(SolutionProperties) = preSolution
		HideSolutionNode = FALSE
	EndGlobalSection
	GlobalSection(ExtensibilityGlobals) = postSolution
		SolutionGuid = {A45BF868-0683-497A-8B3D-FB39E5E62443}
	EndGlobalSection
EndGlobal
